{
  "version": "5",
  "specifiers": {
    "jsr:@libs/xml@^7.0.3": "7.0.3",
    "jsr:@std/fs@^1.0.22": "1.0.22",
    "jsr:@std/html@^1.0.5": "1.0.5",
    "jsr:@std/internal@^1.0.12": "1.0.12",
    "jsr:@std/path@^1.1.4": "1.1.4",
    "npm:zod@^4.3.6": "4.3.6"
  },
  "jsr": {
    "@libs/xml@7.0.3": {
      "integrity": "4caad75dfec0a4dd4ad5dc87dc559d9aa25ac53f17373923a9cd006f6c8d42e6"
    },
    "@std/fs@1.0.22": {
      "integrity": "de0f277a58a867147a8a01bc1b181d0dfa80bfddba8c9cf2bacd6747bcec9308",
      "dependencies": [
        "jsr:@std/internal",
        "jsr:@std/path"
      ]
    },
    "@std/html@1.0.5": {
      "integrity": "4e2d693f474cae8c16a920fa5e15a3b72267b94b84667f11a50c6dd1cb18d35e"
    },
    "@std/internal@1.0.12": {
      "integrity": "972a634fd5bc34b242024402972cd5143eac68d8dffaca5eaa4dba30ce17b027"
    },
    "@std/path@1.1.4": {
      "integrity": "1d2d43f39efb1b42f0b1882a25486647cb851481862dc7313390b2bb044314b5",
      "dependencies": [
        "jsr:@std/internal"
      ]
    }
  },
  "npm": {
    "zod@4.3.6": {
      "integrity": "sha512-rftlrkhHZOcjDwkGlnUtZZkvaPHCsDATp4pGpuOOMDaTdDDXF91wuVDJoWoPsKX/3YPQ5fHuF3STjcYyKr+Qhg=="
    }
  },
  "workspace": {
    "dependencies": [
      "jsr:@libs/xml@^7.0.3",
      "jsr:@std/fs@^1.0.22",
      "jsr:@std/html@^1.0.5",
      "jsr:@std/path@^1.1.4",
      "npm:zod@^4.3.6"
    ]
  }
}
